
Microsoft Visual Studio Solution File, Format Version 12.00
# Visual Studio Version 17
VisualStudioVersion = 17.8.34309.116
MinimumVisualStudioVersion = 10.0.40219.1
Project("{9A19103F-16F7-4668-BE54-9A1E7A4F7556}") = "BlazorOpenLayers", "BlazorOpenLayers\BlazorOpenLayers.csproj", "{F4096559-D1E8-47A8-B544-CFFE2BC5615F}"
EndProject
Global
	GlobalSection(SolutionConfigurationPlatforms) = preSolution
		Debug|Any CPU = Debug|Any CPU
		Release|Any CPU = Release|Any CPU
	EndGlobalSection
	GlobalSection(ProjectConfigurationPlatforms) = postSolution
		{F4096559-D1E8-47A8-B544-CFFE2BC5615F}.Debug|Any CPU.ActiveCfg = Debug|Any CPU
		{F4096559-D1E8-47A8-B544-CFFE2BC5615F}.Debug|Any CPU.Build.0 = Debug|Any CPU
		{F4096559-D1E8-47A8-B544-CFFE2BC5615F}.Release|Any CPU.ActiveCfg = Release|Any CPU
		{F4096559-D1E8-47A8-B544-CFFE2BC5615F}.Release|Any CPU.Build.0 = Release|Any CPU
	EndGlobalSection
	GlobalSection(SolutionProperties) = preSolution
		HideSolutionNode = FALSE
	EndGlobalSection
	GlobalSection(ExtensibilityGlobals) = postSolution
		SolutionGuid = {99FD38F1-3F76-4D86-AC6F-DBF2F53FD1FA}
	EndGlobalSection
EndGlobal
